
Microsoft Visual Studio Solution File, Format Version 12.00
# Visual Studio Version 16
VisualStudioVersion = 16.0.31129.286
MinimumVisualStudioVersion = 10.0.40219.1
Project("{FAE04EC0-301F-11D3-BF4B-00C04F79EFBC}") = "SessionAndCacheDemo", "SessionAndCacheDemo\SessionAndCacheDemo.csproj", "{050C1A0C-AF01-4EC8-A73F-CDDA8368100F}"
EndProject
Global
	GlobalSection(SolutionConfigurationPlatforms) = preSolution
		Debug|Any CPU = Debug|Any CPU
		Release|Any CPU = Release|Any CPU
	EndGlobalSection
	GlobalSection(ProjectConfigurationPlatforms) = postSolution
		{050C1A0C-AF01-4EC8-A73F-CDDA8368100F}.Debug|Any CPU.ActiveCfg = Debug|Any CPU
		{050C1A0C-AF01-4EC8-A73F-CDDA8368100F}.Debug|Any CPU.Build.0 = Debug|Any CPU
		{050C1A0C-AF01-4EC8-A73F-CDDA8368100F}.Release|Any CPU.ActiveCfg = Release|Any CPU
		{050C1A0C-AF01-4EC8-A73F-CDDA8368100F}.Release|Any CPU.Build.0 = Release|Any CPU
	EndGlobalSection
	GlobalSection(SolutionProperties) = preSolution
		HideSolutionNode = FALSE
	EndGlobalSection
	GlobalSection(ExtensibilityGlobals) = postSolution
		SolutionGuid = {3E3747A3-84AB-4972-83A1-DB9502AF5E94}
	EndGlobalSection
EndGlobal
