
Microsoft Visual Studio Solution File, Format Version 12.00
# Visual Studio Version 16
VisualStudioVersion = 16.0.30204.135
MinimumVisualStudioVersion = 10.0.40219.1
Project("{FAE04EC0-301F-11D3-BF4B-00C04F79EFBC}") = "DragNDrop", "DragNDrop\DragNDrop.csproj", "{29C8472A-A4A6-47AE-9371-AB79B0E048CB}"
EndProject
Global
	GlobalSection(SolutionConfigurationPlatforms) = preSolution
		Debug|Any CPU = Debug|Any CPU
		Release|Any CPU = Release|Any CPU
	EndGlobalSection
	GlobalSection(ProjectConfigurationPlatforms) = postSolution
		{29C8472A-A4A6-47AE-9371-AB79B0E048CB}.Debug|Any CPU.ActiveCfg = Debug|Any CPU
		{29C8472A-A4A6-47AE-9371-AB79B0E048CB}.Debug|Any CPU.Build.0 = Debug|Any CPU
		{29C8472A-A4A6-47AE-9371-AB79B0E048CB}.Release|Any CPU.ActiveCfg = Release|Any CPU
		{29C8472A-A4A6-47AE-9371-AB79B0E048CB}.Release|Any CPU.Build.0 = Release|Any CPU
	EndGlobalSection
	GlobalSection(SolutionProperties) = preSolution
		HideSolutionNode = FALSE
	EndGlobalSection
	GlobalSection(ExtensibilityGlobals) = postSolution
		SolutionGuid = {C35EA7B1-5A2E-4D92-948E-7D2F6C59310C}
	EndGlobalSection
EndGlobal
